
Microsoft Visual Studio Solution File, Format Version 12.00
# Visual Studio Version 16
VisualStudioVersion = 16.0.30621.155
MinimumVisualStudioVersion = 10.0.40219.1
Project("{FAE04EC0-301F-11D3-BF4B-00C04F79EFBC}") = "WeSplit", "WeSplit\WeSplit.csproj", "{7B0893F3-6B1D-41A9-8F11-06D98591253B}"
EndProject
Global
	GlobalSection(SolutionConfigurationPlatforms) = preSolution
		Debug|Any CPU = Debug|Any CPU
		Release|Any CPU = Release|Any CPU
	EndGlobalSection
	GlobalSection(ProjectConfigurationPlatforms) = postSolution
		{7B0893F3-6B1D-41A9-8F11-06D98591253B}.Debug|Any CPU.ActiveCfg = Debug|Any CPU
		{7B0893F3-6B1D-41A9-8F11-06D98591253B}.Debug|Any CPU.Build.0 = Debug|Any CPU
		{7B0893F3-6B1D-41A9-8F11-06D98591253B}.Release|Any CPU.ActiveCfg = Release|Any CPU
		{7B0893F3-6B1D-41A9-8F11-06D98591253B}.Release|Any CPU.Build.0 = Release|Any CPU
	EndGlobalSection
	GlobalSection(SolutionProperties) = preSolution
		HideSolutionNode = FALSE
	EndGlobalSection
	GlobalSection(ExtensibilityGlobals) = postSolution
		SolutionGuid = {1548EB34-D263-476C-90EF-995300E25ED2}
	EndGlobalSection
EndGlobal
